
Microsoft Visual Studio Solution File, Format Version 12.00
# Visual Studio 15
VisualStudioVersion = 15.0.28307.1145
MinimumVisualStudioVersion = 10.0.40219.1
Project("{FAE04EC0-301F-11D3-BF4B-00C04F79EFBC}") = "App", "App\App.csproj", "{D922FE74-10AE-4F99-88F2-90855B75F7D6}"
EndProject
Global
	GlobalSection(SolutionConfigurationPlatforms) = preSolution
		Debug|Any CPU = Debug|Any CPU
		Release|Any CPU = Release|Any CPU
	EndGlobalSection
	GlobalSection(ProjectConfigurationPlatforms) = postSolution
		{D922FE74-10AE-4F99-88F2-90855B75F7D6}.Debug|Any CPU.ActiveCfg = Debug|Any CPU
		{D922FE74-10AE-4F99-88F2-90855B75F7D6}.Debug|Any CPU.Build.0 = Debug|Any CPU
		{D922FE74-10AE-4F99-88F2-90855B75F7D6}.Release|Any CPU.ActiveCfg = Release|Any CPU
		{D922FE74-10AE-4F99-88F2-90855B75F7D6}.Release|Any CPU.Build.0 = Release|Any CPU
	EndGlobalSection
	GlobalSection(SolutionProperties) = preSolution
		HideSolutionNode = FALSE
	EndGlobalSection
	GlobalSection(ExtensibilityGlobals) = postSolution
		SolutionGuid = {52C87692-EC1C-41C6-89EF-012C086333B3}
	EndGlobalSection
EndGlobal
